// !$*UTF8*$!
{
	archiveVersion = 1;
	classes = {
	};
	objectVersion = 46;
	objects = {

/* Begin PBXBuildFile section */
		5012A7C7167DF04A00C138F1 /* UIKit.framework in Frameworks */ = {isa = PBXBuildFile; fileRef = 5012A7C6167DF04A00C138F1 /* UIKit.framework */; };
		5012A7C9167DF04A00C138F1 /* Foundation.framework in Frameworks */ = {isa = PBXBuildFile; fileRef = 5012A7C8167DF04A00C138F1 /* Foundation.framework */; };
		5012A7CB167DF04A00C138F1 /* CoreGraphics.framework in Frameworks */ = {isa = PBXBuildFile; fileRef = 5012A7CA167DF04A00C138F1 /* CoreGraphics.framework */; };
		5012A7D1167DF04A00C138F1 /* InfoPlist.strings in Resources */ = {isa = PBXBuildFile; fileRef = 5012A7CF167DF04A00C138F1 /* InfoPlist.strings */; };
		5012A7D3167DF04A00C138F1 /* main.m in Sources */ = {isa = PBXBuildFile; fileRef = 5012A7D2167DF04A00C138F1 /* main.m */; };
		5012A7D7167DF04A00C138F1 /* GMAppDelegate.m in Sources */ = {isa = PBXBuildFile; fileRef = 5012A7D6167DF04A00C138F1 /* GMAppDelegate.m */; };
		5012A7D9167DF04A00C138F1 /* Default.png in Resources */ = {isa = PBXBuildFile; fileRef = 5012A7D8167DF04A00C138F1 /* Default.png */; };
		5012A7DB167DF04A00C138F1 /* Default@2x.png in Resources */ = {isa = PBXBuildFile; fileRef = 5012A7DA167DF04A00C138F1 /* Default@2x.png */; };
		5012A7DD167DF04A00C138F1 /* Default-568h@2x.png in Resources */ = {isa = PBXBuildFile; fileRef = 5012A7DC167DF04A00C138F1 /* Default-568h@2x.png */; };
		5012A7E0167DF04A00C138F1 /* MainStoryboard.storyboard in Resources */ = {isa = PBXBuildFile; fileRef = 5012A7DE167DF04A00C138F1 /* MainStoryboard.storyboard */; };
		5012A7E3167DF04A00C138F1 /* GMViewController.m in Sources */ = {isa = PBXBuildFile; fileRef = 5012A7E2167DF04A00C138F1 /* GMViewController.m */; };
/* End PBXBuildFile section */

/* Begin PBXFileReference section */
		5012A7C2167DF04A00C138F1 /* GoogleMapsBack.app */ = {isa = PBXFileReference; explicitFileType = wrapper.application; includeInIndex = 0; path = GoogleMapsBack.app; sourceTree = BUILT_PRODUCTS_DIR; };
		5012A7C6167DF04A00C138F1 /* UIKit.framework */ = {isa = PBXFileReference; lastKnownFileType = wrapper.framework; name = UIKit.framework; path = System/Library/Frameworks/UIKit.framework; sourceTree = SDKROOT; };
		5012A7C8167DF04A00C138F1 /* Foundation.framework */ = {isa = PBXFileReference; lastKnownFileType = wrapper.framework; name = Foundation.framework; path = System/Library/Frameworks/Foundation.framework; sourceTree = SDKROOT; };
		5012A7CA167DF04A00C138F1 /* CoreGraphics.framework */ = {isa = PBXFileReference; lastKnownFileType = wrapper.framework; name = CoreGraphics.framework; path = System/Library/Frameworks/CoreGraphics.framework; sourceTree = SDKROOT; };
		5012A7CE167DF04A00C138F1 /* GoogleMapsBack-Info.plist */ = {isa = PBXFileReference; lastKnownFileType = text.plist.xml; path = "GoogleMapsBack-Info.plist"; sourceTree = "<group>"; };
		5012A7D0167DF04A00C138F1 /* en */ = {isa = PBXFileReference; lastKnownFileType = text.plist.strings; name = en; path = en.lproj/InfoPlist.strings; sourceTree = "<group>"; };
		5012A7D2167DF04A00C138F1 /* main.m */ = {isa = PBXFileReference; lastKnownFileType = sourcecode.c.objc; path = main.m; sourceTree = "<group>"; };
		5012A7D4167DF04A00C138F1 /* GoogleMapsBack-Prefix.pch */ = {isa = PBXFileReference; lastKnownFileType = sourcecode.c.h; path = "GoogleMapsBack-Prefix.pch"; sourceTree = "<group>"; };
		5012A7D5167DF04A00C138F1 /* GMAppDelegate.h */ = {isa = PBXFileReference; lastKnownFileType = sourcecode.c.h; path = GMAppDelegate.h; sourceTree = "<group>"; };
		5012A7D6167DF04A00C138F1 /* GMAppDelegate.m */ = {isa = PBXFileReference; lastKnownFileType = sourcecode.c.objc; path = GMAppDelegate.m; sourceTree = "<group>"; };
		5012A7D8167DF04A00C138F1 /* Default.png */ = {isa = PBXFileReference; lastKnownFileType = image.png; path = Default.png; sourceTree = "<group>"; };
		5012A7DA167DF04A00C138F1 /* Default@2x.png */ = {isa = PBXFileReference; lastKnownFileType = image.png; path = "Default@2x.png"; sourceTree = "<group>"; };
		5012A7DC167DF04A00C138F1 /* Default-568h@2x.png */ = {isa = PBXFileReference; lastKnownFileType = image.png; path = "Default-568h@2x.png"; sourceTree = "<group>"; };
		5012A7DF167DF04A00C138F1 /* en */ = {isa = PBXFileReference; lastKnownFileType = file.storyboard; name = en; path = en.lproj/MainStoryboard.storyboard; sourceTree = "<group>"; };
		5012A7E1167DF04A00C138F1 /* GMViewController.h */ = {isa = PBXFileReference; lastKnownFileType = sourcecode.c.h; path = GMViewController.h; sourceTree = "<group>"; };
		5012A7E2167DF04A00C138F1 /* GMViewController.m */ = {isa = PBXFileReference; lastKnownFileType = sourcecode.c.objc; path = GMViewController.m; sourceTree = "<group>"; };
/* End PBXFileReference section */

/* Begin PBXFrameworksBuildPhase section */
		5012A7BF167DF04A00C138F1 /* Frameworks */ = {
			isa = PBXFrameworksBuildPhase;
			buildActionMask = 2147483647;
			files = (
				5012A7C7167DF04A00C138F1 /* UIKit.framework in Frameworks */,
				5012A7C9167DF04A00C138F1 /* Foundation.framework in Frameworks */,
				5012A7CB167DF04A00C138F1 /* CoreGraphics.framework in Frameworks */,
			);
			runOnlyForDeploymentPostprocessing = 0;
		};
/* End PBXFrameworksBuildPhase section */

/* Begin PBXGroup section */
		5012A7B7167DF04A00C138F1 = {
			isa = PBXGroup;
			children = (
				5012A7CC167DF04A00C138F1 /* GoogleMapsBack */,
				5012A7C5167DF04A00C138F1 /* Frameworks */,
				5012A7C3167DF04A00C138F1 /* Products */,
			);
			sourceTree = "<group>";
		};
		5012A7C3167DF04A00C138F1 /* Products */ = {
			isa = PBXGroup;
			children = (
				5012A7C2167DF04A00C138F1 /* GoogleMapsBack.app */,
			);
			name = Products;
			sourceTree = "<group>";
		};
		5012A7C5167DF04A00C138F1 /* Frameworks */ = {
			isa = PBXGroup;
			children = (
				5012A7C6167DF04A00C138F1 /* UIKit.framework */,
				5012A7C8167DF04A00C138F1 /* Foundation.framework */,
				5012A7CA167DF04A00C138F1 /* CoreGraphics.framework */,
			);
			name = Frameworks;
			sourceTree = "<group>";
		};
		5012A7CC167DF04A00C138F1 /* GoogleMapsBack */ = {
			isa = PBXGroup;
			children = (
				5012A7D5167DF04A00C138F1 /* GMAppDelegate.h */,
				5012A7D6167DF04A00C138F1 /* GMAppDelegate.m */,
				5012A7DE167DF04A00C138F1 /* MainStoryboard.storyboard */,
				5012A7E1167DF04A00C138F1 /* GMViewController.h */,
				5012A7E2167DF04A00C138F1 /* GMViewController.m */,
				5012A7CD167DF04A00C138F1 /* Supporting Files */,
			);
			path = GoogleMapsBack;
			sourceTree = "<group>";
		};
		5012A7CD167DF04A00C138F1 /* Supporting Files */ = {
			isa = PBXGroup;
			children = (
				5012A7CE167DF04A00C138F1 /* GoogleMapsBack-Info.plist */,
				5012A7CF167DF04A00C138F1 /* InfoPlist.strings */,
				5012A7D2167DF04A00C138F1 /* main.m */,
				5012A7D4167DF04A00C138F1 /* GoogleMapsBack-Prefix.pch */,
				5012A7D8167DF04A00C138F1 /* Default.png */,
				5012A7DA167DF04A00C138F1 /* Default@2x.png */,
				5012A7DC167DF04A00C138F1 /* Default-568h@2x.png */,
			);
			name = "Supporting Files";
			sourceTree = "<group>";
		};
/* End PBXGroup section */

/* Begin PBXNativeTarget section */
		5012A7C1167DF04A00C138F1 /* GoogleMapsBack */ = {
			isa = PBXNativeTarget;
			buildConfigurationList = 5012A7E6167DF04A00C138F1 /* Build configuration list for PBXNativeTarget "GoogleMapsBack" */;
			buildPhases = (
				5012A7BE167DF04A00C138F1 /* Sources */,
				5012A7BF167DF04A00C138F1 /* Frameworks */,
				5012A7C0167DF04A00C138F1 /* Resources */,
			);
			buildRules = (
			);
			dependencies = (
			);
			name = GoogleMapsBack;
			productName = GoogleMapsBack;
			productReference = 5012A7C2167DF04A00C138F1 /* GoogleMapsBack.app */;
			productType = "com.apple.product-type.application";
		};
/* End PBXNativeTarget section */

/* Begin PBXProject section */
		5012A7B9167DF04A00C138F1 /* Project object */ = {
			isa = PBXProject;
			attributes = {
				CLASSPREFIX = GM;
				LastUpgradeCheck = 0450;
				ORGANIZATIONNAME = "Max Tymchii";
			};
			buildConfigurationList = 5012A7BC167DF04A00C138F1 /* Build configuration list for PBXProject "GoogleMapsBack" */;
			compatibilityVersion = "Xcode 3.2";
			developmentRegion = English;
			hasScannedForEncodings = 0;
			knownRegions = (
				en,
			);
			mainGroup = 5012A7B7167DF04A00C138F1;
			productRefGroup = 5012A7C3167DF04A00C138F1 /* Products */;
			projectDirPath = "";
			projectRoot = "";
			targets = (
				5012A7C1167DF04A00C138F1 /* GoogleMapsBack */,
			);
		};
/* End PBXProject section */

/* Begin PBXResourcesBuildPhase section */
		5012A7C0167DF04A00C138F1 /* Resources */ = {
			isa = PBXResourcesBuildPhase;
			buildActionMask = 2147483647;
			files = (
				5012A7D1167DF04A00C138F1 /* InfoPlist.strings in Resources */,
				5012A7D9167DF04A00C138F1 /* Default.png in Resources */,
				5012A7DB167DF04A00C138F1 /* Default@2x.png in Resources */,
				5012A7DD167DF04A00C138F1 /* Default-568h@2x.png in Resources */,
				5012A7E0167DF04A00C138F1 /* MainStoryboard.storyboard in Resources */,
			);
			runOnlyForDeploymentPostprocessing = 0;
		};
/* End PBXResourcesBuildPhase section */

/* Begin PBXSourcesBuildPhase section */
		5012A7BE167DF04A00C138F1 /* Sources */ = {
			isa = PBXSourcesBuildPhase;
			buildActionMask = 2147483647;
			files = (
				5012A7D3167DF04A00C138F1 /* main.m in Sources */,
				5012A7D7167DF04A00C138F1 /* GMAppDelegate.m in Sources */,
				5012A7E3167DF04A00C138F1 /* GMViewController.m in Sources */,
			);
			runOnlyForDeploymentPostprocessing = 0;
		};
/* End PBXSourcesBuildPhase section */

/* Begin PBXVariantGroup section */
		5012A7CF167DF04A00C138F1 /* InfoPlist.strings */ = {
			isa = PBXVariantGroup;
			children = (
				5012A7D0167DF04A00C138F1 /* en */,
			);
			name = InfoPlist.strings;
			sourceTree = "<group>";
		};
		5012A7DE167DF04A00C138F1 /* MainStoryboard.storyboard */ = {
			isa = PBXVariantGroup;
			children = (
				5012A7DF167DF04A00C138F1 /* en */,
			);
			name = MainStoryboard.storyboard;
			sourceTree = "<group>";
		};
/* End PBXVariantGroup section */

/* Begin XCBuildConfiguration section */
		5012A7E4167DF04A00C138F1 /* Debug */ = {
			isa = XCBuildConfiguration;
			buildSettings = {
				ALWAYS_SEARCH_USER_PATHS = NO;
				CLANG_CXX_LANGUAGE_STANDARD = "gnu++0x";
				CLANG_CXX_LIBRARY = "libc++";
				CLANG_ENABLE_OBJC_ARC = YES;
				CLANG_WARN_EMPTY_BODY = YES;
				CLANG_WARN__DUPLICATE_METHOD_MATCH = YES;
				"CODE_SIGN_IDENTITY[sdk=iphoneos*]" = "iPhone Developer";
				COPY_PHASE_STRIP = NO;
				GCC_C_LANGUAGE_STANDARD = gnu99;
				GCC_DYNAMIC_NO_PIC = NO;
				GCC_OPTIMIZATION_LEVEL = 0;
				GCC_PREPROCESSOR_DEFINITIONS = (
					"DEBUG=1",
					"$(inherited)",
				);
				GCC_SYMBOLS_PRIVATE_EXTERN = NO;
				GCC_WARN_ABOUT_RETURN_TYPE = YES;
				GCC_WARN_UNINITIALIZED_AUTOS = YES;
				GCC_WARN_UNUSED_VARIABLE = YES;
				IPHONEOS_DEPLOYMENT_TARGET = 6.0;
				ONLY_ACTIVE_ARCH = YES;
				SDKROOT = iphoneos;
			};
			name = Debug;
		};
		5012A7E5167DF04A00C138F1 /* Release */ = {
			isa = XCBuildConfiguration;
			buildSettings = {
				ALWAYS_SEARCH_USER_PATHS = NO;
				CLANG_CXX_LANGUAGE_STANDARD = "gnu++0x";
				CLANG_CXX_LIBRARY = "libc++";
				CLANG_ENABLE_OBJC_ARC = YES;
				CLANG_WARN_EMPTY_BODY = YES;
				CLANG_WARN__DUPLICATE_METHOD_MATCH = YES;
				"CODE_SIGN_IDENTITY[sdk=iphoneos*]" = "iPhone Developer";
				COPY_PHASE_STRIP = YES;
				GCC_C_LANGUAGE_STANDARD = gnu99;
				GCC_WARN_ABOUT_RETURN_TYPE = YES;
				GCC_WARN_UNINITIALIZED_AUTOS = YES;
				GCC_WARN_UNUSED_VARIABLE = YES;
				IPHONEOS_DEPLOYMENT_TARGET = 6.0;
				OTHER_CFLAGS = "-DNS_BLOCK_ASSERTIONS=1";
				SDKROOT = iphoneos;
				VALIDATE_PRODUCT = YES;
			};
			name = Release;
		};
		5012A7E7167DF04A00C138F1 /* Debug */ = {
			isa = XCBuildConfiguration;
			buildSettings = {
				GCC_PRECOMPILE_PREFIX_HEADER = YES;
				GCC_PREFIX_HEADER = "GoogleMapsBack/GoogleMapsBack-Prefix.pch";
				INFOPLIST_FILE = "GoogleMapsBack/GoogleMapsBack-Info.plist";
				PRODUCT_NAME = "$(TARGET_NAME)";
				WRAPPER_EXTENSION = app;
			};
			name = Debug;
		};
		5012A7E8167DF04A00C138F1 /* Release */ = {
			isa = XCBuildConfiguration;
			buildSettings = {
				GCC_PRECOMPILE_PREFIX_HEADER = YES;
				GCC_PREFIX_HEADER = "GoogleMapsBack/GoogleMapsBack-Prefix.pch";
				INFOPLIST_FILE = "GoogleMapsBack/GoogleMapsBack-Info.plist";
				PRODUCT_NAME = "$(TARGET_NAME)";
				WRAPPER_EXTENSION = app;
			};
			name = Release;
		};
/* End XCBuildConfiguration section */

/* Begin XCConfigurationList section */
		5012A7BC167DF04A00C138F1 /* Build configuration list for PBXProject "GoogleMapsBack" */ = {
			isa = XCConfigurationList;
			buildConfigurations = (
				5012A7E4167DF04A00C138F1 /* Debug */,
				5012A7E5167DF04A00C138F1 /* Release */,
			);
			defaultConfigurationIsVisible = 0;
			defaultConfigurationName = Release;
		};
		5012A7E6167DF04A00C138F1 /* Build configuration list for PBXNativeTarget "GoogleMapsBack" */ = {
			isa = XCConfigurationList;
			buildConfigurations = (
				5012A7E7167DF04A00C138F1 /* Debug */,
				5012A7E8167DF04A00C138F1 /* Release */,
			);
			defaultConfigurationIsVisible = 0;
		};
/* End XCConfigurationList section */
	};
	rootObject = 5012A7B9167DF04A00C138F1 /* Project object */;
}
